
Microsoft Visual Studio Solution File, Format Version 12.00
# Visual Studio Version 17
VisualStudioVersion = 17.0.31903.59
MinimumVisualStudioVersion = 10.0.40219.1
Project("{FAE04EC0-301F-11D3-BF4B-00C04F79EFBC}") = "BlazorApp", "BlazorApp\BlazorApp.csproj", "{D5BEF96D-EC6A-4D19-AA86-AD63F397355E}"
EndProject
Global
	GlobalSection(SolutionConfigurationPlatforms) = preSolution
		Debug|Any CPU = Debug|Any CPU
		Release|Any CPU = Release|Any CPU
	EndGlobalSection
	GlobalSection(ProjectConfigurationPlatforms) = postSolution
		{D5BEF96D-EC6A-4D19-AA86-AD63F397355E}.Debug|Any CPU.ActiveCfg = Debug|Any CPU
		{D5BEF96D-EC6A-4D19-AA86-AD63F397355E}.Debug|Any CPU.Build.0 = Debug|Any CPU
		{D5BEF96D-EC6A-4D19-AA86-AD63F397355E}.Release|Any CPU.ActiveCfg = Release|Any CPU
		{D5BEF96D-EC6A-4D19-AA86-AD63F397355E}.Release|Any CPU.Build.0 = Release|Any CPU
	EndGlobalSection
	GlobalSection(SolutionProperties) = preSolution
		HideSolutionNode = FALSE
	EndGlobalSection
	GlobalSection(ExtensibilityGlobals) = postSolution
		SolutionGuid = {F3CBDDE5-4A24-4CF4-9671-3EC9E1E20FD0}
	EndGlobalSection
EndGlobal
